
Microsoft Visual Studio Solution File, Format Version 12.00
# Visual Studio Version 16
VisualStudioVersion = 16.0.32228.343
MinimumVisualStudioVersion = 10.0.40219.1
Project("{FAE04EC0-301F-11D3-BF4B-00C04F79EFBC}") = "PetsApi", "PetsApi.csproj", "{C187493D-88C4-4A83-AEC6-4775A2E392A9}"
EndProject
Global
	GlobalSection(SolutionConfigurationPlatforms) = preSolution
		Debug|Any CPU = Debug|Any CPU
		Release|Any CPU = Release|Any CPU
	EndGlobalSection
	GlobalSection(ProjectConfigurationPlatforms) = postSolution
		{C187493D-88C4-4A83-AEC6-4775A2E392A9}.Debug|Any CPU.ActiveCfg = Debug|Any CPU
		{C187493D-88C4-4A83-AEC6-4775A2E392A9}.Debug|Any CPU.Build.0 = Debug|Any CPU
		{C187493D-88C4-4A83-AEC6-4775A2E392A9}.Release|Any CPU.ActiveCfg = Release|Any CPU
		{C187493D-88C4-4A83-AEC6-4775A2E392A9}.Release|Any CPU.Build.0 = Release|Any CPU
	EndGlobalSection
	GlobalSection(SolutionProperties) = preSolution
		HideSolutionNode = FALSE
	EndGlobalSection
	GlobalSection(ExtensibilityGlobals) = postSolution
		SolutionGuid = {40E2A041-F664-4711-A788-898F09407D75}
	EndGlobalSection
EndGlobal
